
Microsoft Visual Studio Solution File, Format Version 12.00
Project("{FAE04EC0-301F-11D3-BF4B-00C04F79EFBC}") = "InternetBank.Core", "InternetBank.Core\InternetBank.Core.csproj", "{160203AD-58C8-46DF-B3FA-82713D2A77DA}"
EndProject
Project("{FAE04EC0-301F-11D3-BF4B-00C04F79EFBC}") = "InternetBank.Api", "InternetBank.Api\InternetBank.Api.csproj", "{8E64658B-C852-4A54-828F-B898B1586ABC}"
EndProject
Project("{FAE04EC0-301F-11D3-BF4B-00C04F79EFBC}") = "InternetBank.Db", "InternetBank.Db\InternetBank.Db.csproj", "{7D9E0775-37B7-424F-8AF7-63A5633F3872}"
EndProject
Project("{FAE04EC0-301F-11D3-BF4B-00C04F79EFBC}") = "InternetBank.Test", "InternetBank.Test\InternetBank.Test.csproj", "{861212C8-C01A-4102-AD40-2AE727F13982}"
EndProject
Project("{FAE04EC0-301F-11D3-BF4B-00C04F79EFBC}") = "BankingSystem.Reporting.Api", "BankingSystem.Reporting.Api\BankingSystem.Reporting.Api.csproj", "{A9BFA408-5E19-4581-B968-F94FEC283218}"
EndProject
Project("{FAE04EC0-301F-11D3-BF4B-00C04F79EFBC}") = "BankingSystem.Reporting.Core", "BankingSystem.Reporting.Core\BankingSystem.Reporting.Core.csproj", "{A80ABD4F-9619-4EF1-994C-64042AC42B17}"
EndProject
Project("{FAE04EC0-301F-11D3-BF4B-00C04F79EFBC}") = "BankingSystem.Atm.Core", "BankingSystem.Atm.Core\BankingSystem.Atm.Core.csproj", "{589F5957-EBA4-4A7C-AFA0-AD1FDCDC137A}"
EndProject
Project("{FAE04EC0-301F-11D3-BF4B-00C04F79EFBC}") = "BankingSystem.Atm.Api", "BankingSystem.Atm.Api\BankingSystem.Atm.Api.csproj", "{A1850DB3-715A-4280-8480-B9A7EEC8A2B4}"
EndProject
Project("{FAE04EC0-301F-11D3-BF4B-00C04F79EFBC}") = "BankingSystem.Atm.Test", "BankingSystem.Atm.Test\BankingSystem.Atm.Test.csproj", "{DC9418C7-6284-40EF-8A52-7519580BA838}"
EndProject
Project("{2150E333-8FDC-42A3-9474-1A3956D46DE8}") = "InternetBank", "InternetBank", "{2C5E597B-6F80-4A0C-8625-C52028263B9A}"
EndProject
Project("{2150E333-8FDC-42A3-9474-1A3956D46DE8}") = "Reporting", "Reporting", "{A8C24C7C-15C6-4F56-AFD6-EA593039E37D}"
EndProject
Project("{2150E333-8FDC-42A3-9474-1A3956D46DE8}") = "ATM", "ATM", "{AC95DB40-852C-45BF-B571-605E08AC18D4}"
EndProject
Global
	GlobalSection(SolutionConfigurationPlatforms) = preSolution
		Debug|Any CPU = Debug|Any CPU
		Release|Any CPU = Release|Any CPU
	EndGlobalSection
	GlobalSection(ProjectConfigurationPlatforms) = postSolution
		{160203AD-58C8-46DF-B3FA-82713D2A77DA}.Debug|Any CPU.ActiveCfg = Debug|Any CPU
		{160203AD-58C8-46DF-B3FA-82713D2A77DA}.Debug|Any CPU.Build.0 = Debug|Any CPU
		{160203AD-58C8-46DF-B3FA-82713D2A77DA}.Release|Any CPU.ActiveCfg = Release|Any CPU
		{160203AD-58C8-46DF-B3FA-82713D2A77DA}.Release|Any CPU.Build.0 = Release|Any CPU
		{8E64658B-C852-4A54-828F-B898B1586ABC}.Debug|Any CPU.ActiveCfg = Debug|Any CPU
		{8E64658B-C852-4A54-828F-B898B1586ABC}.Debug|Any CPU.Build.0 = Debug|Any CPU
		{8E64658B-C852-4A54-828F-B898B1586ABC}.Release|Any CPU.ActiveCfg = Release|Any CPU
		{8E64658B-C852-4A54-828F-B898B1586ABC}.Release|Any CPU.Build.0 = Release|Any CPU
		{7D9E0775-37B7-424F-8AF7-63A5633F3872}.Debug|Any CPU.ActiveCfg = Debug|Any CPU
		{7D9E0775-37B7-424F-8AF7-63A5633F3872}.Debug|Any CPU.Build.0 = Debug|Any CPU
		{7D9E0775-37B7-424F-8AF7-63A5633F3872}.Release|Any CPU.ActiveCfg = Release|Any CPU
		{7D9E0775-37B7-424F-8AF7-63A5633F3872}.Release|Any CPU.Build.0 = Release|Any CPU
		{861212C8-C01A-4102-AD40-2AE727F13982}.Debug|Any CPU.ActiveCfg = Debug|Any CPU
		{861212C8-C01A-4102-AD40-2AE727F13982}.Debug|Any CPU.Build.0 = Debug|Any CPU
		{861212C8-C01A-4102-AD40-2AE727F13982}.Release|Any CPU.ActiveCfg = Release|Any CPU
		{861212C8-C01A-4102-AD40-2AE727F13982}.Release|Any CPU.Build.0 = Release|Any CPU
		{A9BFA408-5E19-4581-B968-F94FEC283218}.Debug|Any CPU.ActiveCfg = Debug|Any CPU
		{A9BFA408-5E19-4581-B968-F94FEC283218}.Debug|Any CPU.Build.0 = Debug|Any CPU
		{A9BFA408-5E19-4581-B968-F94FEC283218}.Release|Any CPU.ActiveCfg = Release|Any CPU
		{A9BFA408-5E19-4581-B968-F94FEC283218}.Release|Any CPU.Build.0 = Release|Any CPU
		{A80ABD4F-9619-4EF1-994C-64042AC42B17}.Debug|Any CPU.ActiveCfg = Debug|Any CPU
		{A80ABD4F-9619-4EF1-994C-64042AC42B17}.Debug|Any CPU.Build.0 = Debug|Any CPU
		{A80ABD4F-9619-4EF1-994C-64042AC42B17}.Release|Any CPU.ActiveCfg = Release|Any CPU
		{A80ABD4F-9619-4EF1-994C-64042AC42B17}.Release|Any CPU.Build.0 = Release|Any CPU
		{589F5957-EBA4-4A7C-AFA0-AD1FDCDC137A}.Debug|Any CPU.ActiveCfg = Debug|Any CPU
		{589F5957-EBA4-4A7C-AFA0-AD1FDCDC137A}.Debug|Any CPU.Build.0 = Debug|Any CPU
		{589F5957-EBA4-4A7C-AFA0-AD1FDCDC137A}.Release|Any CPU.ActiveCfg = Release|Any CPU
		{589F5957-EBA4-4A7C-AFA0-AD1FDCDC137A}.Release|Any CPU.Build.0 = Release|Any CPU
		{A1850DB3-715A-4280-8480-B9A7EEC8A2B4}.Debug|Any CPU.ActiveCfg = Debug|Any CPU
		{A1850DB3-715A-4280-8480-B9A7EEC8A2B4}.Debug|Any CPU.Build.0 = Debug|Any CPU
		{A1850DB3-715A-4280-8480-B9A7EEC8A2B4}.Release|Any CPU.ActiveCfg = Release|Any CPU
		{A1850DB3-715A-4280-8480-B9A7EEC8A2B4}.Release|Any CPU.Build.0 = Release|Any CPU
		{DC9418C7-6284-40EF-8A52-7519580BA838}.Debug|Any CPU.ActiveCfg = Debug|Any CPU
		{DC9418C7-6284-40EF-8A52-7519580BA838}.Debug|Any CPU.Build.0 = Debug|Any CPU
		{DC9418C7-6284-40EF-8A52-7519580BA838}.Release|Any CPU.ActiveCfg = Release|Any CPU
		{DC9418C7-6284-40EF-8A52-7519580BA838}.Release|Any CPU.Build.0 = Release|Any CPU
	EndGlobalSection
	GlobalSection(NestedProjects) = preSolution
		{160203AD-58C8-46DF-B3FA-82713D2A77DA} = {2C5E597B-6F80-4A0C-8625-C52028263B9A}
		{8E64658B-C852-4A54-828F-B898B1586ABC} = {2C5E597B-6F80-4A0C-8625-C52028263B9A}
		{861212C8-C01A-4102-AD40-2AE727F13982} = {2C5E597B-6F80-4A0C-8625-C52028263B9A}
		{A80ABD4F-9619-4EF1-994C-64042AC42B17} = {A8C24C7C-15C6-4F56-AFD6-EA593039E37D}
		{A9BFA408-5E19-4581-B968-F94FEC283218} = {A8C24C7C-15C6-4F56-AFD6-EA593039E37D}
		{DC9418C7-6284-40EF-8A52-7519580BA838} = {AC95DB40-852C-45BF-B571-605E08AC18D4}
		{589F5957-EBA4-4A7C-AFA0-AD1FDCDC137A} = {AC95DB40-852C-45BF-B571-605E08AC18D4}
		{A1850DB3-715A-4280-8480-B9A7EEC8A2B4} = {AC95DB40-852C-45BF-B571-605E08AC18D4}
	EndGlobalSection
EndGlobal
